
Microsoft Visual Studio Solution File, Format Version 12.00
# Visual Studio Version 17
VisualStudioVersion = 17.7.34031.279
MinimumVisualStudioVersion = 10.0.40219.1
Project("{888888A0-9F3D-457C-B088-3A5042F75D52}") = "CIS110 Course Project 1", "CIS110 Course Project 1.pyproj", "{513D0243-EE95-414D-9310-4A53146B23A8}"
EndProject
Global
	GlobalSection(SolutionConfigurationPlatforms) = preSolution
		Debug|Any CPU = Debug|Any CPU
		Release|Any CPU = Release|Any CPU
	EndGlobalSection
	GlobalSection(ProjectConfigurationPlatforms) = postSolution
		{513D0243-EE95-414D-9310-4A53146B23A8}.Debug|Any CPU.ActiveCfg = Debug|Any CPU
		{513D0243-EE95-414D-9310-4A53146B23A8}.Release|Any CPU.ActiveCfg = Release|Any CPU
	EndGlobalSection
	GlobalSection(SolutionProperties) = preSolution
		HideSolutionNode = FALSE
	EndGlobalSection
	GlobalSection(ExtensibilityGlobals) = postSolution
		SolutionGuid = {D39D55F2-B890-4AA5-B571-5FE1A726A54D}
	EndGlobalSection
EndGlobal
